
Microsoft Visual Studio Solution File, Format Version 12.00
# Visual Studio 15
VisualStudioVersion = 15.0.28307.1062
MinimumVisualStudioVersion = 10.0.40219.1
Project("{FAE04EC0-301F-11D3-BF4B-00C04F79EFBC}") = "TestEFCoreBinarySerializer", "TestEFCoreBinarySerializer.csproj", "{11B24CF0-67BA-4C94-840B-56B6340929BC}"
EndProject
Global
	GlobalSection(SolutionConfigurationPlatforms) = preSolution
		Debug|Any CPU = Debug|Any CPU
		Release|Any CPU = Release|Any CPU
	EndGlobalSection
	GlobalSection(ProjectConfigurationPlatforms) = postSolution
		{11B24CF0-67BA-4C94-840B-56B6340929BC}.Debug|Any CPU.ActiveCfg = Debug|Any CPU
		{11B24CF0-67BA-4C94-840B-56B6340929BC}.Debug|Any CPU.Build.0 = Debug|Any CPU
		{11B24CF0-67BA-4C94-840B-56B6340929BC}.Release|Any CPU.ActiveCfg = Release|Any CPU
		{11B24CF0-67BA-4C94-840B-56B6340929BC}.Release|Any CPU.Build.0 = Release|Any CPU
	EndGlobalSection
	GlobalSection(SolutionProperties) = preSolution
		HideSolutionNode = FALSE
	EndGlobalSection
	GlobalSection(ExtensibilityGlobals) = postSolution
		SolutionGuid = {A7220D85-5EE7-4140-9A83-58D415B45AF6}
	EndGlobalSection
EndGlobal
